
Microsoft Visual Studio Solution File, Format Version 12.00
# Visual Studio Version 16
VisualStudioVersion = 16.0.29806.167
MinimumVisualStudioVersion = 10.0.40219.1
Project("{9A19103F-16F7-4668-BE54-9A1E7A4F7556}") = "Geosty", "Geosty\Geosty\Geosty.csproj", "{433A1EDE-01C7-40EE-8ADE-6AE23CD24915}"
EndProject
Project("{FAE04EC0-301F-11D3-BF4B-00C04F79EFBC}") = "Geosty.Android", "Geosty\Geosty.Android\Geosty.Android.csproj", "{93210283-D6D7-4C19-986E-6CF58D2CEEBA}"
EndProject
Project("{FAE04EC0-301F-11D3-BF4B-00C04F79EFBC}") = "Geosty.iOS", "Geosty\Geosty.iOS\Geosty.iOS.csproj", "{F8C8F6D5-1EA2-45A6-91AF-FC87CFEE895C}"
EndProject
Global
	GlobalSection(SolutionConfigurationPlatforms) = preSolution
		Debug|Any CPU = Debug|Any CPU
		Debug|iPhone = Debug|iPhone
		Debug|iPhoneSimulator = Debug|iPhoneSimulator
		Release|Any CPU = Release|Any CPU
		Release|iPhone = Release|iPhone
		Release|iPhoneSimulator = Release|iPhoneSimulator
	EndGlobalSection
	GlobalSection(ProjectConfigurationPlatforms) = postSolution
		{433A1EDE-01C7-40EE-8ADE-6AE23CD24915}.Debug|Any CPU.ActiveCfg = Debug|Any CPU
		{433A1EDE-01C7-40EE-8ADE-6AE23CD24915}.Debug|Any CPU.Build.0 = Debug|Any CPU
		{433A1EDE-01C7-40EE-8ADE-6AE23CD24915}.Debug|iPhone.ActiveCfg = Debug|Any CPU
		{433A1EDE-01C7-40EE-8ADE-6AE23CD24915}.Debug|iPhone.Build.0 = Debug|Any CPU
		{433A1EDE-01C7-40EE-8ADE-6AE23CD24915}.Debug|iPhoneSimulator.ActiveCfg = Debug|Any CPU
		{433A1EDE-01C7-40EE-8ADE-6AE23CD24915}.Debug|iPhoneSimulator.Build.0 = Debug|Any CPU
		{433A1EDE-01C7-40EE-8ADE-6AE23CD24915}.Release|Any CPU.ActiveCfg = Release|Any CPU
		{433A1EDE-01C7-40EE-8ADE-6AE23CD24915}.Release|Any CPU.Build.0 = Release|Any CPU
		{433A1EDE-01C7-40EE-8ADE-6AE23CD24915}.Release|iPhone.ActiveCfg = Release|Any CPU
		{433A1EDE-01C7-40EE-8ADE-6AE23CD24915}.Release|iPhone.Build.0 = Release|Any CPU
		{433A1EDE-01C7-40EE-8ADE-6AE23CD24915}.Release|iPhoneSimulator.ActiveCfg = Release|Any CPU
		{433A1EDE-01C7-40EE-8ADE-6AE23CD24915}.Release|iPhoneSimulator.Build.0 = Release|Any CPU
		{93210283-D6D7-4C19-986E-6CF58D2CEEBA}.Debug|Any CPU.ActiveCfg = Debug|Any CPU
		{93210283-D6D7-4C19-986E-6CF58D2CEEBA}.Debug|Any CPU.Build.0 = Debug|Any CPU
		{93210283-D6D7-4C19-986E-6CF58D2CEEBA}.Debug|Any CPU.Deploy.0 = Debug|Any CPU
		{93210283-D6D7-4C19-986E-6CF58D2CEEBA}.Debug|iPhone.ActiveCfg = Debug|Any CPU
		{93210283-D6D7-4C19-986E-6CF58D2CEEBA}.Debug|iPhone.Build.0 = Debug|Any CPU
		{93210283-D6D7-4C19-986E-6CF58D2CEEBA}.Debug|iPhone.Deploy.0 = Debug|Any CPU
		{93210283-D6D7-4C19-986E-6CF58D2CEEBA}.Debug|iPhoneSimulator.ActiveCfg = Debug|Any CPU
		{93210283-D6D7-4C19-986E-6CF58D2CEEBA}.Debug|iPhoneSimulator.Build.0 = Debug|Any CPU
		{93210283-D6D7-4C19-986E-6CF58D2CEEBA}.Debug|iPhoneSimulator.Deploy.0 = Debug|Any CPU
		{93210283-D6D7-4C19-986E-6CF58D2CEEBA}.Release|Any CPU.ActiveCfg = Release|Any CPU
		{93210283-D6D7-4C19-986E-6CF58D2CEEBA}.Release|Any CPU.Build.0 = Release|Any CPU
		{93210283-D6D7-4C19-986E-6CF58D2CEEBA}.Release|Any CPU.Deploy.0 = Release|Any CPU
		{93210283-D6D7-4C19-986E-6CF58D2CEEBA}.Release|iPhone.ActiveCfg = Release|Any CPU
		{93210283-D6D7-4C19-986E-6CF58D2CEEBA}.Release|iPhone.Build.0 = Release|Any CPU
		{93210283-D6D7-4C19-986E-6CF58D2CEEBA}.Release|iPhone.Deploy.0 = Release|Any CPU
		{93210283-D6D7-4C19-986E-6CF58D2CEEBA}.Release|iPhoneSimulator.ActiveCfg = Release|Any CPU
		{93210283-D6D7-4C19-986E-6CF58D2CEEBA}.Release|iPhoneSimulator.Build.0 = Release|Any CPU
		{93210283-D6D7-4C19-986E-6CF58D2CEEBA}.Release|iPhoneSimulator.Deploy.0 = Release|Any CPU
		{F8C8F6D5-1EA2-45A6-91AF-FC87CFEE895C}.Debug|Any CPU.ActiveCfg = Debug|iPhone
		{F8C8F6D5-1EA2-45A6-91AF-FC87CFEE895C}.Debug|iPhone.ActiveCfg = Debug|iPhone
		{F8C8F6D5-1EA2-45A6-91AF-FC87CFEE895C}.Debug|iPhone.Build.0 = Debug|iPhone
		{F8C8F6D5-1EA2-45A6-91AF-FC87CFEE895C}.Debug|iPhoneSimulator.ActiveCfg = Debug|iPhoneSimulator
		{F8C8F6D5-1EA2-45A6-91AF-FC87CFEE895C}.Debug|iPhoneSimulator.Build.0 = Debug|iPhoneSimulator
		{F8C8F6D5-1EA2-45A6-91AF-FC87CFEE895C}.Release|Any CPU.ActiveCfg = Release|iPhone
		{F8C8F6D5-1EA2-45A6-91AF-FC87CFEE895C}.Release|iPhone.ActiveCfg = Release|iPhone
		{F8C8F6D5-1EA2-45A6-91AF-FC87CFEE895C}.Release|iPhone.Build.0 = Release|iPhone
		{F8C8F6D5-1EA2-45A6-91AF-FC87CFEE895C}.Release|iPhoneSimulator.ActiveCfg = Release|iPhoneSimulator
		{F8C8F6D5-1EA2-45A6-91AF-FC87CFEE895C}.Release|iPhoneSimulator.Build.0 = Release|iPhoneSimulator
		{F8C8F6D5-1EA2-45A6-91AF-FC87CFEE895C}.Debug|Any CPU.Build.0 = Debug|iPhone
	EndGlobalSection
	GlobalSection(SolutionProperties) = preSolution
		HideSolutionNode = FALSE
	EndGlobalSection
	GlobalSection(ExtensibilityGlobals) = postSolution
		SolutionGuid = {970433EC-B29E-446C-9D4A-12E92498E434}
	EndGlobalSection
EndGlobal
